
Microsoft Visual Studio Solution File, Format Version 12.00
# Visual Studio Version 16
VisualStudioVersion = 16.0.31702.278
MinimumVisualStudioVersion = 10.0.40219.1
Project("{FAE04EC0-301F-11D3-BF4B-00C04F79EFBC}") = "classesLesson", "classesLesson\classesLesson.csproj", "{D8C3501E-F18E-48D3-87F9-C7D1D9939E29}"
EndProject
Global
	GlobalSection(SolutionConfigurationPlatforms) = preSolution
		Debug|Any CPU = Debug|Any CPU
		Release|Any CPU = Release|Any CPU
	EndGlobalSection
	GlobalSection(ProjectConfigurationPlatforms) = postSolution
		{D8C3501E-F18E-48D3-87F9-C7D1D9939E29}.Debug|Any CPU.ActiveCfg = Debug|Any CPU
		{D8C3501E-F18E-48D3-87F9-C7D1D9939E29}.Debug|Any CPU.Build.0 = Debug|Any CPU
		{D8C3501E-F18E-48D3-87F9-C7D1D9939E29}.Release|Any CPU.ActiveCfg = Release|Any CPU
		{D8C3501E-F18E-48D3-87F9-C7D1D9939E29}.Release|Any CPU.Build.0 = Release|Any CPU
	EndGlobalSection
	GlobalSection(SolutionProperties) = preSolution
		HideSolutionNode = FALSE
	EndGlobalSection
	GlobalSection(ExtensibilityGlobals) = postSolution
		SolutionGuid = {5C1D4112-82AA-43F6-B2F1-3BF154DE786F}
	EndGlobalSection
EndGlobal
